
Microsoft Visual Studio Solution File, Format Version 12.00
# Visual Studio Version 16
VisualStudioVersion = 16.0.32602.291
MinimumVisualStudioVersion = 10.0.40219.1
Project("{2150E333-8FDC-42A3-9474-1A3956D46DE8}") = "Resources", "Resources", "{DD9EB8E3-66F0-4450-AD4B-DD992B207AC7}"
	ProjectSection(SolutionItems) = preProject
		Lessons.md = Lessons.md
		README.md = README.md
	EndProjectSection
EndProject
Project("{9A19103F-16F7-4668-BE54-9A1E7A4F7556}") = "KostyaStart", "KostyaStart\KostyaStart.csproj", "{CE947B05-7142-4A29-B8BD-84C54CBFA9E1}"
EndProject
Project("{9A19103F-16F7-4668-BE54-9A1E7A4F7556}") = "DbViewer", "DbViewer\DbViewer.csproj", "{7E473088-5143-4F04-B477-545D89A8E171}"
EndProject
Project("{2150E333-8FDC-42A3-9474-1A3956D46DE8}") = "Library", "Library", "{6F22E20F-5773-4F1A-A2F3-0D2B20B55EF6}"
EndProject
Project("{FAE04EC0-301F-11D3-BF4B-00C04F79EFBC}") = "CManager", "Library\CManager\CManager.csproj", "{A44CA141-86AB-4781-B74D-09A4ED0B4925}"
EndProject
Project("{9A19103F-16F7-4668-BE54-9A1E7A4F7556}") = "OAData", "Library\OAData\OAData.csproj", "{17DC1B39-4368-45E3-8446-2F17803295E1}"
EndProject
Project("{9A19103F-16F7-4668-BE54-9A1E7A4F7556}") = "Polar.DB", "Library\Polar.DB\Polar.DB.csproj", "{0611626F-446B-4D35-9152-2A7B5E56DCF6}"
EndProject
Project("{9A19103F-16F7-4668-BE54-9A1E7A4F7556}") = "Polar.Universal", "Library\Polar.Universal\Polar.Universal.csproj", "{6E978F34-CA26-4F80-9907-61596C3D3F59}"
EndProject
Project("{9A19103F-16F7-4668-BE54-9A1E7A4F7556}") = "RDFEngine", "Library\RDFEngine\RDFEngine.csproj", "{64A5F50C-AE14-4DF9-B018-B00D2D83759B}"
EndProject
Global
	GlobalSection(SolutionConfigurationPlatforms) = preSolution
		Debug|Any CPU = Debug|Any CPU
		Release|Any CPU = Release|Any CPU
	EndGlobalSection
	GlobalSection(ProjectConfigurationPlatforms) = postSolution
		{CE947B05-7142-4A29-B8BD-84C54CBFA9E1}.Debug|Any CPU.ActiveCfg = Debug|Any CPU
		{CE947B05-7142-4A29-B8BD-84C54CBFA9E1}.Debug|Any CPU.Build.0 = Debug|Any CPU
		{CE947B05-7142-4A29-B8BD-84C54CBFA9E1}.Release|Any CPU.ActiveCfg = Release|Any CPU
		{CE947B05-7142-4A29-B8BD-84C54CBFA9E1}.Release|Any CPU.Build.0 = Release|Any CPU
		{7E473088-5143-4F04-B477-545D89A8E171}.Debug|Any CPU.ActiveCfg = Debug|Any CPU
		{7E473088-5143-4F04-B477-545D89A8E171}.Debug|Any CPU.Build.0 = Debug|Any CPU
		{7E473088-5143-4F04-B477-545D89A8E171}.Release|Any CPU.ActiveCfg = Release|Any CPU
		{7E473088-5143-4F04-B477-545D89A8E171}.Release|Any CPU.Build.0 = Release|Any CPU
		{A44CA141-86AB-4781-B74D-09A4ED0B4925}.Debug|Any CPU.ActiveCfg = Debug|Any CPU
		{A44CA141-86AB-4781-B74D-09A4ED0B4925}.Debug|Any CPU.Build.0 = Debug|Any CPU
		{A44CA141-86AB-4781-B74D-09A4ED0B4925}.Release|Any CPU.ActiveCfg = Release|Any CPU
		{A44CA141-86AB-4781-B74D-09A4ED0B4925}.Release|Any CPU.Build.0 = Release|Any CPU
		{17DC1B39-4368-45E3-8446-2F17803295E1}.Debug|Any CPU.ActiveCfg = Debug|Any CPU
		{17DC1B39-4368-45E3-8446-2F17803295E1}.Debug|Any CPU.Build.0 = Debug|Any CPU
		{17DC1B39-4368-45E3-8446-2F17803295E1}.Release|Any CPU.ActiveCfg = Release|Any CPU
		{17DC1B39-4368-45E3-8446-2F17803295E1}.Release|Any CPU.Build.0 = Release|Any CPU
		{0611626F-446B-4D35-9152-2A7B5E56DCF6}.Debug|Any CPU.ActiveCfg = Debug|Any CPU
		{0611626F-446B-4D35-9152-2A7B5E56DCF6}.Debug|Any CPU.Build.0 = Debug|Any CPU
		{0611626F-446B-4D35-9152-2A7B5E56DCF6}.Release|Any CPU.ActiveCfg = Release|Any CPU
		{0611626F-446B-4D35-9152-2A7B5E56DCF6}.Release|Any CPU.Build.0 = Release|Any CPU
		{6E978F34-CA26-4F80-9907-61596C3D3F59}.Debug|Any CPU.ActiveCfg = Debug|Any CPU
		{6E978F34-CA26-4F80-9907-61596C3D3F59}.Debug|Any CPU.Build.0 = Debug|Any CPU
		{6E978F34-CA26-4F80-9907-61596C3D3F59}.Release|Any CPU.ActiveCfg = Release|Any CPU
		{6E978F34-CA26-4F80-9907-61596C3D3F59}.Release|Any CPU.Build.0 = Release|Any CPU
		{64A5F50C-AE14-4DF9-B018-B00D2D83759B}.Debug|Any CPU.ActiveCfg = Debug|Any CPU
		{64A5F50C-AE14-4DF9-B018-B00D2D83759B}.Debug|Any CPU.Build.0 = Debug|Any CPU
		{64A5F50C-AE14-4DF9-B018-B00D2D83759B}.Release|Any CPU.ActiveCfg = Release|Any CPU
		{64A5F50C-AE14-4DF9-B018-B00D2D83759B}.Release|Any CPU.Build.0 = Release|Any CPU
	EndGlobalSection
	GlobalSection(SolutionProperties) = preSolution
		HideSolutionNode = FALSE
	EndGlobalSection
	GlobalSection(NestedProjects) = preSolution
		{A44CA141-86AB-4781-B74D-09A4ED0B4925} = {6F22E20F-5773-4F1A-A2F3-0D2B20B55EF6}
		{17DC1B39-4368-45E3-8446-2F17803295E1} = {6F22E20F-5773-4F1A-A2F3-0D2B20B55EF6}
		{0611626F-446B-4D35-9152-2A7B5E56DCF6} = {6F22E20F-5773-4F1A-A2F3-0D2B20B55EF6}
		{6E978F34-CA26-4F80-9907-61596C3D3F59} = {6F22E20F-5773-4F1A-A2F3-0D2B20B55EF6}
		{64A5F50C-AE14-4DF9-B018-B00D2D83759B} = {6F22E20F-5773-4F1A-A2F3-0D2B20B55EF6}
	EndGlobalSection
	GlobalSection(ExtensibilityGlobals) = postSolution
		SolutionGuid = {10793AFF-FCA1-4B5F-8052-D7AECAC4D9D0}
	EndGlobalSection
EndGlobal
