
Microsoft Visual Studio Solution File, Format Version 12.00
# Visual Studio Version 16
VisualStudioVersion = 16.0.32602.291
MinimumVisualStudioVersion = 10.0.40219.1
Project("{FAE04EC0-301F-11D3-BF4B-00C04F79EFBC}") = "Ssyp2022", "Ssyp2022\Ssyp2022.csproj", "{AEBC17FA-E235-463D-9F45-8AB6C34721C0}"
EndProject
Project("{FAE04EC0-301F-11D3-BF4B-00C04F79EFBC}") = "Resources", "Resources\Resources.csproj", "{8171CF5E-CD1F-46FE-AFE3-B9E759C490A8}"
EndProject
Global
	GlobalSection(SolutionConfigurationPlatforms) = preSolution
		Debug|Any CPU = Debug|Any CPU
		Release|Any CPU = Release|Any CPU
	EndGlobalSection
	GlobalSection(ProjectConfigurationPlatforms) = postSolution
		{AEBC17FA-E235-463D-9F45-8AB6C34721C0}.Debug|Any CPU.ActiveCfg = Debug|Any CPU
		{AEBC17FA-E235-463D-9F45-8AB6C34721C0}.Debug|Any CPU.Build.0 = Debug|Any CPU
		{AEBC17FA-E235-463D-9F45-8AB6C34721C0}.Release|Any CPU.ActiveCfg = Release|Any CPU
		{AEBC17FA-E235-463D-9F45-8AB6C34721C0}.Release|Any CPU.Build.0 = Release|Any CPU
		{8171CF5E-CD1F-46FE-AFE3-B9E759C490A8}.Debug|Any CPU.ActiveCfg = Debug|Any CPU
		{8171CF5E-CD1F-46FE-AFE3-B9E759C490A8}.Debug|Any CPU.Build.0 = Debug|Any CPU
		{8171CF5E-CD1F-46FE-AFE3-B9E759C490A8}.Release|Any CPU.ActiveCfg = Release|Any CPU
		{8171CF5E-CD1F-46FE-AFE3-B9E759C490A8}.Release|Any CPU.Build.0 = Release|Any CPU
	EndGlobalSection
	GlobalSection(SolutionProperties) = preSolution
		HideSolutionNode = FALSE
	EndGlobalSection
	GlobalSection(ExtensibilityGlobals) = postSolution
		SolutionGuid = {10793AFF-FCA1-4B5F-8052-D7AECAC4D9D0}
	EndGlobalSection
EndGlobal
